
Microsoft Visual Studio Solution File, Format Version 12.00
# Visual Studio 15
VisualStudioVersion = 15.0.28307.572
MinimumVisualStudioVersion = 10.0.40219.1
Project("{9A19103F-16F7-4668-BE54-9A1E7A4F7556}") = "AppReact", "AppReact\AppReact.csproj", "{BDFF4604-AB11-4808-B2FF-E03A8ACB31FF}"
EndProject
Project("{00D1A9C2-B5F0-4AF3-8072-F6C62B433612}") = "MusicDatabase", "MusicDatabase\MusicDatabase.sqlproj", "{30F8BF31-07DE-4064-9B8F-F1594B24DA21}"
EndProject
Project("{9A19103F-16F7-4668-BE54-9A1E7A4F7556}") = "Data", "Data\Data.csproj", "{C2584091-C14D-40AA-92A0-F26E282431D9}"
EndProject
Project("{FAE04EC0-301F-11D3-BF4B-00C04F79EFBC}") = "RSExample2", "RSExample2\RSExample2.csproj", "{F440404C-11A3-4F93-B9DB-D4D1E0C08FA8}"
EndProject
Global
	GlobalSection(SolutionConfigurationPlatforms) = preSolution
		Debug|Any CPU = Debug|Any CPU
		Release|Any CPU = Release|Any CPU
	EndGlobalSection
	GlobalSection(ProjectConfigurationPlatforms) = postSolution
		{BDFF4604-AB11-4808-B2FF-E03A8ACB31FF}.Debug|Any CPU.ActiveCfg = Debug|Any CPU
		{BDFF4604-AB11-4808-B2FF-E03A8ACB31FF}.Debug|Any CPU.Build.0 = Debug|Any CPU
		{BDFF4604-AB11-4808-B2FF-E03A8ACB31FF}.Release|Any CPU.ActiveCfg = Release|Any CPU
		{BDFF4604-AB11-4808-B2FF-E03A8ACB31FF}.Release|Any CPU.Build.0 = Release|Any CPU
		{30F8BF31-07DE-4064-9B8F-F1594B24DA21}.Debug|Any CPU.ActiveCfg = Debug|Any CPU
		{30F8BF31-07DE-4064-9B8F-F1594B24DA21}.Debug|Any CPU.Build.0 = Debug|Any CPU
		{30F8BF31-07DE-4064-9B8F-F1594B24DA21}.Debug|Any CPU.Deploy.0 = Debug|Any CPU
		{30F8BF31-07DE-4064-9B8F-F1594B24DA21}.Release|Any CPU.ActiveCfg = Release|Any CPU
		{30F8BF31-07DE-4064-9B8F-F1594B24DA21}.Release|Any CPU.Build.0 = Release|Any CPU
		{30F8BF31-07DE-4064-9B8F-F1594B24DA21}.Release|Any CPU.Deploy.0 = Release|Any CPU
		{C2584091-C14D-40AA-92A0-F26E282431D9}.Debug|Any CPU.ActiveCfg = Debug|Any CPU
		{C2584091-C14D-40AA-92A0-F26E282431D9}.Debug|Any CPU.Build.0 = Debug|Any CPU
		{C2584091-C14D-40AA-92A0-F26E282431D9}.Release|Any CPU.ActiveCfg = Release|Any CPU
		{C2584091-C14D-40AA-92A0-F26E282431D9}.Release|Any CPU.Build.0 = Release|Any CPU
		{F440404C-11A3-4F93-B9DB-D4D1E0C08FA8}.Debug|Any CPU.ActiveCfg = Debug|Any CPU
		{F440404C-11A3-4F93-B9DB-D4D1E0C08FA8}.Debug|Any CPU.Build.0 = Debug|Any CPU
		{F440404C-11A3-4F93-B9DB-D4D1E0C08FA8}.Release|Any CPU.ActiveCfg = Release|Any CPU
		{F440404C-11A3-4F93-B9DB-D4D1E0C08FA8}.Release|Any CPU.Build.0 = Release|Any CPU
	EndGlobalSection
	GlobalSection(SolutionProperties) = preSolution
		HideSolutionNode = FALSE
	EndGlobalSection
	GlobalSection(ExtensibilityGlobals) = postSolution
		SolutionGuid = {06A49AC5-8119-44F8-9999-4BF96FC4A573}
	EndGlobalSection
EndGlobal
